
Microsoft Visual Studio Solution File, Format Version 12.00
# Visual Studio Version 17
VisualStudioVersion = 17.0.31903.59
MinimumVisualStudioVersion = 10.0.40219.1
Project("{FAE04EC0-301F-11D3-BF4B-00C04F79EFBC}") = "FrontierCore", "UrlFrontier.Source\FrontierCore.csproj", "{E1B47E68-A225-4D9B-9DD9-0DB791A887F9}"
EndProject
Project("{FAE04EC0-301F-11D3-BF4B-00C04F79EFBC}") = "UnitTests", "UrlFrontier.Tests\UnitTests.csproj", "{75886E41-3F40-4456-A82F-D6A911AAB251}"
EndProject
Project("{FAE04EC0-301F-11D3-BF4B-00C04F79EFBC}") = "UrlFrontier.Sample", "UrlFrontier.Sample\UrlFrontier.Sample.csproj", "{29B28A3A-B3A5-4CD1-814B-C4D7FE38A628}"
EndProject
Global
	GlobalSection(SolutionConfigurationPlatforms) = preSolution
		Debug|Any CPU = Debug|Any CPU
		Release|Any CPU = Release|Any CPU
	EndGlobalSection
	GlobalSection(SolutionProperties) = preSolution
		HideSolutionNode = FALSE
	EndGlobalSection
	GlobalSection(ProjectConfigurationPlatforms) = postSolution
		{E1B47E68-A225-4D9B-9DD9-0DB791A887F9}.Debug|Any CPU.ActiveCfg = Debug|Any CPU
		{E1B47E68-A225-4D9B-9DD9-0DB791A887F9}.Debug|Any CPU.Build.0 = Debug|Any CPU
		{E1B47E68-A225-4D9B-9DD9-0DB791A887F9}.Release|Any CPU.ActiveCfg = Release|Any CPU
		{E1B47E68-A225-4D9B-9DD9-0DB791A887F9}.Release|Any CPU.Build.0 = Release|Any CPU
		{75886E41-3F40-4456-A82F-D6A911AAB251}.Debug|Any CPU.ActiveCfg = Debug|Any CPU
		{75886E41-3F40-4456-A82F-D6A911AAB251}.Debug|Any CPU.Build.0 = Debug|Any CPU
		{75886E41-3F40-4456-A82F-D6A911AAB251}.Release|Any CPU.ActiveCfg = Release|Any CPU
		{75886E41-3F40-4456-A82F-D6A911AAB251}.Release|Any CPU.Build.0 = Release|Any CPU
		{29B28A3A-B3A5-4CD1-814B-C4D7FE38A628}.Debug|Any CPU.ActiveCfg = Debug|Any CPU
		{29B28A3A-B3A5-4CD1-814B-C4D7FE38A628}.Debug|Any CPU.Build.0 = Debug|Any CPU
		{29B28A3A-B3A5-4CD1-814B-C4D7FE38A628}.Release|Any CPU.ActiveCfg = Release|Any CPU
		{29B28A3A-B3A5-4CD1-814B-C4D7FE38A628}.Release|Any CPU.Build.0 = Release|Any CPU
	EndGlobalSection
EndGlobal
